
Microsoft Visual Studio Solution File, Format Version 12.00
# Visual Studio Version 17
VisualStudioVersion = 17.3.32825.248
MinimumVisualStudioVersion = 10.0.40219.1
Project("{9A19103F-16F7-4668-BE54-9A1E7A4F7556}") = "BLL", "BLL\BLL.csproj", "{80428E3C-6F1F-478A-990D-F748C3595091}"
EndProject
Project("{9A19103F-16F7-4668-BE54-9A1E7A4F7556}") = "DAL", "DAL\DAL.csproj", "{7565C231-5A38-492C-9B62-413199339952}"
EndProject
Project("{9A19103F-16F7-4668-BE54-9A1E7A4F7556}") = "UI", "UI\UI.csproj", "{042C4AB3-7B03-4A2D-BA9B-87142BF9C815}"
EndProject
Global
	GlobalSection(SolutionConfigurationPlatforms) = preSolution
		Debug|Any CPU = Debug|Any CPU
		Release|Any CPU = Release|Any CPU
	EndGlobalSection
	GlobalSection(ProjectConfigurationPlatforms) = postSolution
		{80428E3C-6F1F-478A-990D-F748C3595091}.Debug|Any CPU.ActiveCfg = Debug|Any CPU
		{80428E3C-6F1F-478A-990D-F748C3595091}.Debug|Any CPU.Build.0 = Debug|Any CPU
		{80428E3C-6F1F-478A-990D-F748C3595091}.Release|Any CPU.ActiveCfg = Release|Any CPU
		{80428E3C-6F1F-478A-990D-F748C3595091}.Release|Any CPU.Build.0 = Release|Any CPU
		{7565C231-5A38-492C-9B62-413199339952}.Debug|Any CPU.ActiveCfg = Debug|Any CPU
		{7565C231-5A38-492C-9B62-413199339952}.Debug|Any CPU.Build.0 = Debug|Any CPU
		{7565C231-5A38-492C-9B62-413199339952}.Release|Any CPU.ActiveCfg = Release|Any CPU
		{7565C231-5A38-492C-9B62-413199339952}.Release|Any CPU.Build.0 = Release|Any CPU
		{042C4AB3-7B03-4A2D-BA9B-87142BF9C815}.Debug|Any CPU.ActiveCfg = Debug|Any CPU
		{042C4AB3-7B03-4A2D-BA9B-87142BF9C815}.Debug|Any CPU.Build.0 = Debug|Any CPU
		{042C4AB3-7B03-4A2D-BA9B-87142BF9C815}.Release|Any CPU.ActiveCfg = Release|Any CPU
		{042C4AB3-7B03-4A2D-BA9B-87142BF9C815}.Release|Any CPU.Build.0 = Release|Any CPU
	EndGlobalSection
	GlobalSection(SolutionProperties) = preSolution
		HideSolutionNode = FALSE
	EndGlobalSection
	GlobalSection(ExtensibilityGlobals) = postSolution
		SolutionGuid = {B8C761D2-DD4A-434E-8DFE-097FB33452B9}
	EndGlobalSection
EndGlobal
